// !$*UTF8*$!
{
	archiveVersion = 1;
	classes = {
	};
	objectVersion = 50;
	objects = {

/* Begin PBXBuildFile section */
		A93F9B4521FAC7B000EC0E8B /* AppDelegate.swift in Sources */ = {isa = PBXBuildFile; fileRef = A93F9B4421FAC7B000EC0E8B /* AppDelegate.swift */; };
		A93F9B4721FAC7B000EC0E8B /* ViewController.swift in Sources */ = {isa = PBXBuildFile; fileRef = A93F9B4621FAC7B000EC0E8B /* ViewController.swift */; };
		A93F9B4A21FAC7B000EC0E8B /* Main.storyboard in Resources */ = {isa = PBXBuildFile; fileRef = A93F9B4821FAC7B000EC0E8B /* Main.storyboard */; };
		A93F9B4C21FAC7B100EC0E8B /* Assets.xcassets in Resources */ = {isa = PBXBuildFile; fileRef = A93F9B4B21FAC7B100EC0E8B /* Assets.xcassets */; };
		A93F9B4F21FAC7B100EC0E8B /* LaunchScreen.storyboard in Resources */ = {isa = PBXBuildFile; fileRef = A93F9B4D21FAC7B100EC0E8B /* LaunchScreen.storyboard */; };
		A93F9B5A21FAC7B100EC0E8B /* TipCalculatorTests.swift in Sources */ = {isa = PBXBuildFile; fileRef = A93F9B5921FAC7B100EC0E8B /* TipCalculatorTests.swift */; };
		A93F9B6521FAC7B100EC0E8B /* TipCalculatorUITests.swift in Sources */ = {isa = PBXBuildFile; fileRef = A93F9B6421FAC7B100EC0E8B /* TipCalculatorUITests.swift */; };
/* End PBXBuildFile section */

/* Begin PBXContainerItemProxy section */
		A93F9B5621FAC7B100EC0E8B /* PBXContainerItemProxy */ = {
			isa = PBXContainerItemProxy;
			containerPortal = A93F9B3921FAC7B000EC0E8B /* Project object */;
			proxyType = 1;
			remoteGlobalIDString = A93F9B4021FAC7B000EC0E8B;
			remoteInfo = TipCalculator;
		};
		A93F9B6121FAC7B100EC0E8B /* PBXContainerItemProxy */ = {
			isa = PBXContainerItemProxy;
			containerPortal = A93F9B3921FAC7B000EC0E8B /* Project object */;
			proxyType = 1;
			remoteGlobalIDString = A93F9B4021FAC7B000EC0E8B;
			remoteInfo = TipCalculator;
		};
/* End PBXContainerItemProxy section */

/* Begin PBXFileReference section */
		A93F9B4121FAC7B000EC0E8B /* TipCalculator.app */ = {isa = PBXFileReference; explicitFileType = wrapper.application; includeInIndex = 0; path = TipCalculator.app; sourceTree = BUILT_PRODUCTS_DIR; };
		A93F9B4421FAC7B000EC0E8B /* AppDelegate.swift */ = {isa = PBXFileReference; lastKnownFileType = sourcecode.swift; path = AppDelegate.swift; sourceTree = "<group>"; };
		A93F9B4621FAC7B000EC0E8B /* ViewController.swift */ = {isa = PBXFileReference; lastKnownFileType = sourcecode.swift; path = ViewController.swift; sourceTree = "<group>"; };
		A93F9B4921FAC7B000EC0E8B /* Base */ = {isa = PBXFileReference; lastKnownFileType = file.storyboard; name = Base; path = Base.lproj/Main.storyboard; sourceTree = "<group>"; };
		A93F9B4B21FAC7B100EC0E8B /* Assets.xcassets */ = {isa = PBXFileReference; lastKnownFileType = folder.assetcatalog; path = Assets.xcassets; sourceTree = "<group>"; };
		A93F9B4E21FAC7B100EC0E8B /* Base */ = {isa = PBXFileReference; lastKnownFileType = file.storyboard; name = Base; path = Base.lproj/LaunchScreen.storyboard; sourceTree = "<group>"; };
		A93F9B5021FAC7B100EC0E8B /* Info.plist */ = {isa = PBXFileReference; lastKnownFileType = text.plist.xml; path = Info.plist; sourceTree = "<group>"; };
		A93F9B5521FAC7B100EC0E8B /* TipCalculatorTests.xctest */ = {isa = PBXFileReference; explicitFileType = wrapper.cfbundle; includeInIndex = 0; path = TipCalculatorTests.xctest; sourceTree = BUILT_PRODUCTS_DIR; };
		A93F9B5921FAC7B100EC0E8B /* TipCalculatorTests.swift */ = {isa = PBXFileReference; lastKnownFileType = sourcecode.swift; path = TipCalculatorTests.swift; sourceTree = "<group>"; };
		A93F9B5B21FAC7B100EC0E8B /* Info.plist */ = {isa = PBXFileReference; lastKnownFileType = text.plist.xml; path = Info.plist; sourceTree = "<group>"; };
		A93F9B6021FAC7B100EC0E8B /* TipCalculatorUITests.xctest */ = {isa = PBXFileReference; explicitFileType = wrapper.cfbundle; includeInIndex = 0; path = TipCalculatorUITests.xctest; sourceTree = BUILT_PRODUCTS_DIR; };
		A93F9B6421FAC7B100EC0E8B /* TipCalculatorUITests.swift */ = {isa = PBXFileReference; lastKnownFileType = sourcecode.swift; path = TipCalculatorUITests.swift; sourceTree = "<group>"; };
		A93F9B6621FAC7B100EC0E8B /* Info.plist */ = {isa = PBXFileReference; lastKnownFileType = text.plist.xml; path = Info.plist; sourceTree = "<group>"; };
/* End PBXFileReference section */

/* Begin PBXFrameworksBuildPhase section */
		A93F9B3E21FAC7B000EC0E8B /* Frameworks */ = {
			isa = PBXFrameworksBuildPhase;
			buildActionMask = 2147483647;
			files = (
			);
			runOnlyForDeploymentPostprocessing = 0;
		};
		A93F9B5221FAC7B100EC0E8B /* Frameworks */ = {
			isa = PBXFrameworksBuildPhase;
			buildActionMask = 2147483647;
			files = (
			);
			runOnlyForDeploymentPostprocessing = 0;
		};
		A93F9B5D21FAC7B100EC0E8B /* Frameworks */ = {
			isa = PBXFrameworksBuildPhase;
			buildActionMask = 2147483647;
			files = (
			);
			runOnlyForDeploymentPostprocessing = 0;
		};
/* End PBXFrameworksBuildPhase section */

/* Begin PBXGroup section */
		A93F9B3821FAC7B000EC0E8B = {
			isa = PBXGroup;
			children = (
				A93F9B4321FAC7B000EC0E8B /* TipCalculator */,
				A93F9B5821FAC7B100EC0E8B /* TipCalculatorTests */,
				A93F9B6321FAC7B100EC0E8B /* TipCalculatorUITests */,
				A93F9B4221FAC7B000EC0E8B /* Products */,
			);
			sourceTree = "<group>";
		};
		A93F9B4221FAC7B000EC0E8B /* Products */ = {
			isa = PBXGroup;
			children = (
				A93F9B4121FAC7B000EC0E8B /* TipCalculator.app */,
				A93F9B5521FAC7B100EC0E8B /* TipCalculatorTests.xctest */,
				A93F9B6021FAC7B100EC0E8B /* TipCalculatorUITests.xctest */,
			);
			name = Products;
			sourceTree = "<group>";
		};
		A93F9B4321FAC7B000EC0E8B /* TipCalculator */ = {
			isa = PBXGroup;
			children = (
				A93F9B4421FAC7B000EC0E8B /* AppDelegate.swift */,
				A93F9B4621FAC7B000EC0E8B /* ViewController.swift */,
				A93F9B4821FAC7B000EC0E8B /* Main.storyboard */,
				A93F9B4B21FAC7B100EC0E8B /* Assets.xcassets */,
				A93F9B4D21FAC7B100EC0E8B /* LaunchScreen.storyboard */,
				A93F9B5021FAC7B100EC0E8B /* Info.plist */,
			);
			path = TipCalculator;
			sourceTree = "<group>";
		};
		A93F9B5821FAC7B100EC0E8B /* TipCalculatorTests */ = {
			isa = PBXGroup;
			children = (
				A93F9B5921FAC7B100EC0E8B /* TipCalculatorTests.swift */,
				A93F9B5B21FAC7B100EC0E8B /* Info.plist */,
			);
			path = TipCalculatorTests;
			sourceTree = "<group>";
		};
		A93F9B6321FAC7B100EC0E8B /* TipCalculatorUITests */ = {
			isa = PBXGroup;
			children = (
				A93F9B6421FAC7B100EC0E8B /* TipCalculatorUITests.swift */,
				A93F9B6621FAC7B100EC0E8B /* Info.plist */,
			);
			path = TipCalculatorUITests;
			sourceTree = "<group>";
		};
/* End PBXGroup section */

/* Begin PBXNativeTarget section */
		A93F9B4021FAC7B000EC0E8B /* TipCalculator */ = {
			isa = PBXNativeTarget;
			buildConfigurationList = A93F9B6921FAC7B100EC0E8B /* Build configuration list for PBXNativeTarget "TipCalculator" */;
			buildPhases = (
				A93F9B3D21FAC7B000EC0E8B /* Sources */,
				A93F9B3E21FAC7B000EC0E8B /* Frameworks */,
				A93F9B3F21FAC7B000EC0E8B /* Resources */,
			);
			buildRules = (
			);
			dependencies = (
			);
			name = TipCalculator;
			productName = TipCalculator;
			productReference = A93F9B4121FAC7B000EC0E8B /* TipCalculator.app */;
			productType = "com.apple.product-type.application";
		};
		A93F9B5421FAC7B100EC0E8B /* TipCalculatorTests */ = {
			isa = PBXNativeTarget;
			buildConfigurationList = A93F9B6C21FAC7B100EC0E8B /* Build configuration list for PBXNativeTarget "TipCalculatorTests" */;
			buildPhases = (
				A93F9B5121FAC7B100EC0E8B /* Sources */,
				A93F9B5221FAC7B100EC0E8B /* Frameworks */,
				A93F9B5321FAC7B100EC0E8B /* Resources */,
			);
			buildRules = (
			);
			dependencies = (
				A93F9B5721FAC7B100EC0E8B /* PBXTargetDependency */,
			);
			name = TipCalculatorTests;
			productName = TipCalculatorTests;
			productReference = A93F9B5521FAC7B100EC0E8B /* TipCalculatorTests.xctest */;
			productType = "com.apple.product-type.bundle.unit-test";
		};
		A93F9B5F21FAC7B100EC0E8B /* TipCalculatorUITests */ = {
			isa = PBXNativeTarget;
			buildConfigurationList = A93F9B6F21FAC7B100EC0E8B /* Build configuration list for PBXNativeTarget "TipCalculatorUITests" */;
			buildPhases = (
				A93F9B5C21FAC7B100EC0E8B /* Sources */,
				A93F9B5D21FAC7B100EC0E8B /* Frameworks */,
				A93F9B5E21FAC7B100EC0E8B /* Resources */,
			);
			buildRules = (
			);
			dependencies = (
				A93F9B6221FAC7B100EC0E8B /* PBXTargetDependency */,
			);
			name = TipCalculatorUITests;
			productName = TipCalculatorUITests;
			productReference = A93F9B6021FAC7B100EC0E8B /* TipCalculatorUITests.xctest */;
			productType = "com.apple.product-type.bundle.ui-testing";
		};
/* End PBXNativeTarget section */

/* Begin PBXProject section */
		A93F9B3921FAC7B000EC0E8B /* Project object */ = {
			isa = PBXProject;
			attributes = {
				LastSwiftUpdateCheck = 1000;
				LastUpgradeCheck = 1000;
				ORGANIZATIONNAME = "Marco Cruz";
				TargetAttributes = {
					A93F9B4021FAC7B000EC0E8B = {
						CreatedOnToolsVersion = 10.0;
					};
					A93F9B5421FAC7B100EC0E8B = {
						CreatedOnToolsVersion = 10.0;
						TestTargetID = A93F9B4021FAC7B000EC0E8B;
					};
					A93F9B5F21FAC7B100EC0E8B = {
						CreatedOnToolsVersion = 10.0;
						TestTargetID = A93F9B4021FAC7B000EC0E8B;
					};
				};
			};
			buildConfigurationList = A93F9B3C21FAC7B000EC0E8B /* Build configuration list for PBXProject "TipCalculator" */;
			compatibilityVersion = "Xcode 9.3";
			developmentRegion = en;
			hasScannedForEncodings = 0;
			knownRegions = (
				en,
				Base,
			);
			mainGroup = A93F9B3821FAC7B000EC0E8B;
			productRefGroup = A93F9B4221FAC7B000EC0E8B /* Products */;
			projectDirPath = "";
			projectRoot = "";
			targets = (
				A93F9B4021FAC7B000EC0E8B /* TipCalculator */,
				A93F9B5421FAC7B100EC0E8B /* TipCalculatorTests */,
				A93F9B5F21FAC7B100EC0E8B /* TipCalculatorUITests */,
			);
		};
/* End PBXProject section */

/* Begin PBXResourcesBuildPhase section */
		A93F9B3F21FAC7B000EC0E8B /* Resources */ = {
			isa = PBXResourcesBuildPhase;
			buildActionMask = 2147483647;
			files = (
				A93F9B4F21FAC7B100EC0E8B /* LaunchScreen.storyboard in Resources */,
				A93F9B4C21FAC7B100EC0E8B /* Assets.xcassets in Resources */,
				A93F9B4A21FAC7B000EC0E8B /* Main.storyboard in Resources */,
			);
			runOnlyForDeploymentPostprocessing = 0;
		};
		A93F9B5321FAC7B100EC0E8B /* Resources */ = {
			isa = PBXResourcesBuildPhase;
			buildActionMask = 2147483647;
			files = (
			);
			runOnlyForDeploymentPostprocessing = 0;
		};
		A93F9B5E21FAC7B100EC0E8B /* Resources */ = {
			isa = PBXResourcesBuildPhase;
			buildActionMask = 2147483647;
			files = (
			);
			runOnlyForDeploymentPostprocessing = 0;
		};
/* End PBXResourcesBuildPhase section */

/* Begin PBXSourcesBuildPhase section */
		A93F9B3D21FAC7B000EC0E8B /* Sources */ = {
			isa = PBXSourcesBuildPhase;
			buildActionMask = 2147483647;
			files = (
				A93F9B4721FAC7B000EC0E8B /* ViewController.swift in Sources */,
				A93F9B4521FAC7B000EC0E8B /* AppDelegate.swift in Sources */,
			);
			runOnlyForDeploymentPostprocessing = 0;
		};
		A93F9B5121FAC7B100EC0E8B /* Sources */ = {
			isa = PBXSourcesBuildPhase;
			buildActionMask = 2147483647;
			files = (
				A93F9B5A21FAC7B100EC0E8B /* TipCalculatorTests.swift in Sources */,
			);
			runOnlyForDeploymentPostprocessing = 0;
		};
		A93F9B5C21FAC7B100EC0E8B /* Sources */ = {
			isa = PBXSourcesBuildPhase;
			buildActionMask = 2147483647;
			files = (
				A93F9B6521FAC7B100EC0E8B /* TipCalculatorUITests.swift in Sources */,
			);
			runOnlyForDeploymentPostprocessing = 0;
		};
/* End PBXSourcesBuildPhase section */

/* Begin PBXTargetDependency section */
		A93F9B5721FAC7B100EC0E8B /* PBXTargetDependency */ = {
			isa = PBXTargetDependency;
			target = A93F9B4021FAC7B000EC0E8B /* TipCalculator */;
			targetProxy = A93F9B5621FAC7B100EC0E8B /* PBXContainerItemProxy */;
		};
		A93F9B6221FAC7B100EC0E8B /* PBXTargetDependency */ = {
			isa = PBXTargetDependency;
			target = A93F9B4021FAC7B000EC0E8B /* TipCalculator */;
			targetProxy = A93F9B6121FAC7B100EC0E8B /* PBXContainerItemProxy */;
		};
/* End PBXTargetDependency section */

/* Begin PBXVariantGroup section */
		A93F9B4821FAC7B000EC0E8B /* Main.storyboard */ = {
			isa = PBXVariantGroup;
			children = (
				A93F9B4921FAC7B000EC0E8B /* Base */,
			);
			name = Main.storyboard;
			sourceTree = "<group>";
		};
		A93F9B4D21FAC7B100EC0E8B /* LaunchScreen.storyboard */ = {
			isa = PBXVariantGroup;
			children = (
				A93F9B4E21FAC7B100EC0E8B /* Base */,
			);
			name = LaunchScreen.storyboard;
			sourceTree = "<group>";
		};
/* End PBXVariantGroup section */

/* Begin XCBuildConfiguration section */
		A93F9B6721FAC7B100EC0E8B /* Debug */ = {
			isa = XCBuildConfiguration;
			buildSettings = {
				ALWAYS_SEARCH_USER_PATHS = NO;
				CLANG_ANALYZER_NONNULL = YES;
				CLANG_ANALYZER_NUMBER_OBJECT_CONVERSION = YES_AGGRESSIVE;
				CLANG_CXX_LANGUAGE_STANDARD = "gnu++14";
				CLANG_CXX_LIBRARY = "libc++";
				CLANG_ENABLE_MODULES = YES;
				CLANG_ENABLE_OBJC_ARC = YES;
				CLANG_ENABLE_OBJC_WEAK = YES;
				CLANG_WARN_BLOCK_CAPTURE_AUTORELEASING = YES;
				CLANG_WARN_BOOL_CONVERSION = YES;
				CLANG_WARN_COMMA = YES;
				CLANG_WARN_CONSTANT_CONVERSION = YES;
				CLANG_WARN_DEPRECATED_OBJC_IMPLEMENTATIONS = YES;
				CLANG_WARN_DIRECT_OBJC_ISA_USAGE = YES_ERROR;
				CLANG_WARN_DOCUMENTATION_COMMENTS = YES;
				CLANG_WARN_EMPTY_BODY = YES;
				CLANG_WARN_ENUM_CONVERSION = YES;
				CLANG_WARN_INFINITE_RECURSION = YES;
				CLANG_WARN_INT_CONVERSION = YES;
				CLANG_WARN_NON_LITERAL_NULL_CONVERSION = YES;
				CLANG_WARN_OBJC_IMPLICIT_RETAIN_SELF = YES;
				CLANG_WARN_OBJC_LITERAL_CONVERSION = YES;
				CLANG_WARN_OBJC_ROOT_CLASS = YES_ERROR;
				CLANG_WARN_RANGE_LOOP_ANALYSIS = YES;
				CLANG_WARN_STRICT_PROTOTYPES = YES;
				CLANG_WARN_SUSPICIOUS_MOVE = YES;
				CLANG_WARN_UNGUARDED_AVAILABILITY = YES_AGGRESSIVE;
				CLANG_WARN_UNREACHABLE_CODE = YES;
				CLANG_WARN__DUPLICATE_METHOD_MATCH = YES;
				CODE_SIGN_IDENTITY = "iPhone Developer";
				COPY_PHASE_STRIP = NO;
				DEBUG_INFORMATION_FORMAT = dwarf;
				ENABLE_STRICT_OBJC_MSGSEND = YES;
				ENABLE_TESTABILITY = YES;
				GCC_C_LANGUAGE_STANDARD = gnu11;
				GCC_DYNAMIC_NO_PIC = NO;
				GCC_NO_COMMON_BLOCKS = YES;
				GCC_OPTIMIZATION_LEVEL = 0;
				GCC_PREPROCESSOR_DEFINITIONS = (
					"DEBUG=1",
					"$(inherited)",
				);
				GCC_WARN_64_TO_32_BIT_CONVERSION = YES;
				GCC_WARN_ABOUT_RETURN_TYPE = YES_ERROR;
				GCC_WARN_UNDECLARED_SELECTOR = YES;
				GCC_WARN_UNINITIALIZED_AUTOS = YES_AGGRESSIVE;
				GCC_WARN_UNUSED_FUNCTION = YES;
				GCC_WARN_UNUSED_VARIABLE = YES;
				IPHONEOS_DEPLOYMENT_TARGET = 12.0;
				MTL_ENABLE_DEBUG_INFO = INCLUDE_SOURCE;
				MTL_FAST_MATH = YES;
				ONLY_ACTIVE_ARCH = YES;
				SDKROOT = iphoneos;
				SWIFT_ACTIVE_COMPILATION_CONDITIONS = DEBUG;
				SWIFT_OPTIMIZATION_LEVEL = "-Onone";
			};
			name = Debug;
		};
		A93F9B6821FAC7B100EC0E8B /* Release */ = {
			isa = XCBuildConfiguration;
			buildSettings = {
				ALWAYS_SEARCH_USER_PATHS = NO;
				CLANG_ANALYZER_NONNULL = YES;
				CLANG_ANALYZER_NUMBER_OBJECT_CONVERSION = YES_AGGRESSIVE;
				CLANG_CXX_LANGUAGE_STANDARD = "gnu++14";
				CLANG_CXX_LIBRARY = "libc++";
				CLANG_ENABLE_MODULES = YES;
				CLANG_ENABLE_OBJC_ARC = YES;
				CLANG_ENABLE_OBJC_WEAK = YES;
				CLANG_WARN_BLOCK_CAPTURE_AUTORELEASING = YES;
				CLANG_WARN_BOOL_CONVERSION = YES;
				CLANG_WARN_COMMA = YES;
				CLANG_WARN_CONSTANT_CONVERSION = YES;
				CLANG_WARN_DEPRECATED_OBJC_IMPLEMENTATIONS = YES;
				CLANG_WARN_DIRECT_OBJC_ISA_USAGE = YES_ERROR;
				CLANG_WARN_DOCUMENTATION_COMMENTS = YES;
				CLANG_WARN_EMPTY_BODY = YES;
				CLANG_WARN_ENUM_CONVERSION = YES;
				CLANG_WARN_INFINITE_RECURSION = YES;
				CLANG_WARN_INT_CONVERSION = YES;
				CLANG_WARN_NON_LITERAL_NULL_CONVERSION = YES;
				CLANG_WARN_OBJC_IMPLICIT_RETAIN_SELF = YES;
				CLANG_WARN_OBJC_LITERAL_CONVERSION = YES;
				CLANG_WARN_OBJC_ROOT_CLASS = YES_ERROR;
				CLANG_WARN_RANGE_LOOP_ANALYSIS = YES;
				CLANG_WARN_STRICT_PROTOTYPES = YES;
				CLANG_WARN_SUSPICIOUS_MOVE = YES;
				CLANG_WARN_UNGUARDED_AVAILABILITY = YES_AGGRESSIVE;
				CLANG_WARN_UNREACHABLE_CODE = YES;
				CLANG_WARN__DUPLICATE_METHOD_MATCH = YES;
				CODE_SIGN_IDENTITY = "iPhone Developer";
				COPY_PHASE_STRIP = NO;
				DEBUG_INFORMATION_FORMAT = "dwarf-with-dsym";
				ENABLE_NS_ASSERTIONS = NO;
				ENABLE_STRICT_OBJC_MSGSEND = YES;
				GCC_C_LANGUAGE_STANDARD = gnu11;
				GCC_NO_COMMON_BLOCKS = YES;
				GCC_WARN_64_TO_32_BIT_CONVERSION = YES;
				GCC_WARN_ABOUT_RETURN_TYPE = YES_ERROR;
				GCC_WARN_UNDECLARED_SELECTOR = YES;
				GCC_WARN_UNINITIALIZED_AUTOS = YES_AGGRESSIVE;
				GCC_WARN_UNUSED_FUNCTION = YES;
				GCC_WARN_UNUSED_VARIABLE = YES;
				IPHONEOS_DEPLOYMENT_TARGET = 12.0;
				MTL_ENABLE_DEBUG_INFO = NO;
				MTL_FAST_MATH = YES;
				SDKROOT = iphoneos;
				SWIFT_COMPILATION_MODE = wholemodule;
				SWIFT_OPTIMIZATION_LEVEL = "-O";
				VALIDATE_PRODUCT = YES;
			};
			name = Release;
		};
		A93F9B6A21FAC7B100EC0E8B /* Debug */ = {
			isa = XCBuildConfiguration;
			buildSettings = {
				ASSETCATALOG_COMPILER_APPICON_NAME = AppIcon;
				CODE_SIGN_STYLE = Automatic;
				INFOPLIST_FILE = TipCalculator/Info.plist;
				LD_RUNPATH_SEARCH_PATHS = (
					"$(inherited)",
					"@executable_path/Frameworks",
				);
				PRODUCT_BUNDLE_IDENTIFIER = cpp.TipCalculator;
				PRODUCT_NAME = "$(TARGET_NAME)";
				SWIFT_VERSION = 4.2;
				TARGETED_DEVICE_FAMILY = "1,2";
			};
			name = Debug;
		};
		A93F9B6B21FAC7B100EC0E8B /* Release */ = {
			isa = XCBuildConfiguration;
			buildSettings = {
				ASSETCATALOG_COMPILER_APPICON_NAME = AppIcon;
				CODE_SIGN_STYLE = Automatic;
				INFOPLIST_FILE = TipCalculator/Info.plist;
				LD_RUNPATH_SEARCH_PATHS = (
					"$(inherited)",
					"@executable_path/Frameworks",
				);
				PRODUCT_BUNDLE_IDENTIFIER = cpp.TipCalculator;
				PRODUCT_NAME = "$(TARGET_NAME)";
				SWIFT_VERSION = 4.2;
				TARGETED_DEVICE_FAMILY = "1,2";
			};
			name = Release;
		};
		A93F9B6D21FAC7B100EC0E8B /* Debug */ = {
			isa = XCBuildConfiguration;
			buildSettings = {
				ALWAYS_EMBED_SWIFT_STANDARD_LIBRARIES = YES;
				BUNDLE_LOADER = "$(TEST_HOST)";
				CODE_SIGN_STYLE = Automatic;
				INFOPLIST_FILE = TipCalculatorTests/Info.plist;
				LD_RUNPATH_SEARCH_PATHS = (
					"$(inherited)",
					"@executable_path/Frameworks",
					"@loader_path/Frameworks",
				);
				PRODUCT_BUNDLE_IDENTIFIER = cpp.TipCalculatorTests;
				PRODUCT_NAME = "$(TARGET_NAME)";
				SWIFT_VERSION = 4.2;
				TARGETED_DEVICE_FAMILY = "1,2";
				TEST_HOST = "$(BUILT_PRODUCTS_DIR)/TipCalculator.app/TipCalculator";
			};
			name = Debug;
		};
		A93F9B6E21FAC7B100EC0E8B /* Release */ = {
			isa = XCBuildConfiguration;
			buildSettings = {
				ALWAYS_EMBED_SWIFT_STANDARD_LIBRARIES = YES;
				BUNDLE_LOADER = "$(TEST_HOST)";
				CODE_SIGN_STYLE = Automatic;
				INFOPLIST_FILE = TipCalculatorTests/Info.plist;
				LD_RUNPATH_SEARCH_PATHS = (
					"$(inherited)",
					"@executable_path/Frameworks",
					"@loader_path/Frameworks",
				);
				PRODUCT_BUNDLE_IDENTIFIER = cpp.TipCalculatorTests;
				PRODUCT_NAME = "$(TARGET_NAME)";
				SWIFT_VERSION = 4.2;
				TARGETED_DEVICE_FAMILY = "1,2";
				TEST_HOST = "$(BUILT_PRODUCTS_DIR)/TipCalculator.app/TipCalculator";
			};
			name = Release;
		};
		A93F9B7021FAC7B100EC0E8B /* Debug */ = {
			isa = XCBuildConfiguration;
			buildSettings = {
				ALWAYS_EMBED_SWIFT_STANDARD_LIBRARIES = YES;
				CODE_SIGN_STYLE = Automatic;
				INFOPLIST_FILE = TipCalculatorUITests/Info.plist;
				LD_RUNPATH_SEARCH_PATHS = (
					"$(inherited)",
					"@executable_path/Frameworks",
					"@loader_path/Frameworks",
				);
				PRODUCT_BUNDLE_IDENTIFIER = cpp.TipCalculatorUITests;
				PRODUCT_NAME = "$(TARGET_NAME)";
				SWIFT_VERSION = 4.2;
				TARGETED_DEVICE_FAMILY = "1,2";
				TEST_TARGET_NAME = TipCalculator;
			};
			name = Debug;
		};
		A93F9B7121FAC7B100EC0E8B /* Release */ = {
			isa = XCBuildConfiguration;
			buildSettings = {
				ALWAYS_EMBED_SWIFT_STANDARD_LIBRARIES = YES;
				CODE_SIGN_STYLE = Automatic;
				INFOPLIST_FILE = TipCalculatorUITests/Info.plist;
				LD_RUNPATH_SEARCH_PATHS = (
					"$(inherited)",
					"@executable_path/Frameworks",
					"@loader_path/Frameworks",
				);
				PRODUCT_BUNDLE_IDENTIFIER = cpp.TipCalculatorUITests;
				PRODUCT_NAME = "$(TARGET_NAME)";
				SWIFT_VERSION = 4.2;
				TARGETED_DEVICE_FAMILY = "1,2";
				TEST_TARGET_NAME = TipCalculator;
			};
			name = Release;
		};
/* End XCBuildConfiguration section */

/* Begin XCConfigurationList section */
		A93F9B3C21FAC7B000EC0E8B /* Build configuration list for PBXProject "TipCalculator" */ = {
			isa = XCConfigurationList;
			buildConfigurations = (
				A93F9B6721FAC7B100EC0E8B /* Debug */,
				A93F9B6821FAC7B100EC0E8B /* Release */,
			);
			defaultConfigurationIsVisible = 0;
			defaultConfigurationName = Release;
		};
		A93F9B6921FAC7B100EC0E8B /* Build configuration list for PBXNativeTarget "TipCalculator" */ = {
			isa = XCConfigurationList;
			buildConfigurations = (
				A93F9B6A21FAC7B100EC0E8B /* Debug */,
				A93F9B6B21FAC7B100EC0E8B /* Release */,
			);
			defaultConfigurationIsVisible = 0;
			defaultConfigurationName = Release;
		};
		A93F9B6C21FAC7B100EC0E8B /* Build configuration list for PBXNativeTarget "TipCalculatorTests" */ = {
			isa = XCConfigurationList;
			buildConfigurations = (
				A93F9B6D21FAC7B100EC0E8B /* Debug */,
				A93F9B6E21FAC7B100EC0E8B /* Release */,
			);
			defaultConfigurationIsVisible = 0;
			defaultConfigurationName = Release;
		};
		A93F9B6F21FAC7B100EC0E8B /* Build configuration list for PBXNativeTarget "TipCalculatorUITests" */ = {
			isa = XCConfigurationList;
			buildConfigurations = (
				A93F9B7021FAC7B100EC0E8B /* Debug */,
				A93F9B7121FAC7B100EC0E8B /* Release */,
			);
			defaultConfigurationIsVisible = 0;
			defaultConfigurationName = Release;
		};
/* End XCConfigurationList section */
	};
	rootObject = A93F9B3921FAC7B000EC0E8B /* Project object */;
}
